github.com/1axup/catui v0.0.0-20240410073937-1c4f5642a80a h1:S0U6bj8XSEicDbTbERTenD25zZtTDIGn68GiUbEnbMc=
github.com/1axup/catui v0.0.0-20240410073937-1c4f5642a80a/go.mod h1:RNe9Rn02USJi7oEQYn8iWKLet80crTw773KYYT1Tm2E=
github.com/1axup/catui v0.0.1-alpha1/go.mod h1:RNe9Rn02USJi7oEQYn8iWKLet80crTw773KYYT1Tm2E=
github.com/google/uuid v1.6.0 h1:NIvaJDMOsjHA8n1jAhLSgzrAzy1Hgr+hNrb57e+94F0=
github.com/google/uuid v1.6.0/go.mod h1:TIyPZe4MgqvfeYDBFedMoGGpEw/LqOeaOT+nhxU+yHo=
